
Microsoft Visual Studio Solution File, Format Version 12.00
# Visual Studio Version 17
VisualStudioVersion = 17.11.35312.102
MinimumVisualStudioVersion = 10.0.40219.1
Project("{FAE04EC0-301F-11D3-BF4B-00C04F79EFBC}") = "project", "project\project.csproj", "{5180AB8B-5A36-4BE9-B8E8-C5264C8C8503}"
EndProject
Global
	GlobalSection(SolutionConfigurationPlatforms) = preSolution
		Debug|Any CPU = Debug|Any CPU
		Release|Any CPU = Release|Any CPU
	EndGlobalSection
	GlobalSection(ProjectConfigurationPlatforms) = postSolution
		{5180AB8B-5A36-4BE9-B8E8-C5264C8C8503}.Debug|Any CPU.ActiveCfg = Debug|Any CPU
		{5180AB8B-5A36-4BE9-B8E8-C5264C8C8503}.Debug|Any CPU.Build.0 = Debug|Any CPU
		{5180AB8B-5A36-4BE9-B8E8-C5264C8C8503}.Release|Any CPU.ActiveCfg = Release|Any CPU
		{5180AB8B-5A36-4BE9-B8E8-C5264C8C8503}.Release|Any CPU.Build.0 = Release|Any CPU
	EndGlobalSection
	GlobalSection(SolutionProperties) = preSolution
		HideSolutionNode = FALSE
	EndGlobalSection
	GlobalSection(ExtensibilityGlobals) = postSolution
		SolutionGuid = {3DBF21CA-2CBB-4FC2-8BDD-C8853866A73A}
	EndGlobalSection
EndGlobal
